
Microsoft Visual Studio Solution File, Format Version 12.00
# Visual Studio Version 17
VisualStudioVersion = 17.10.35004.147
MinimumVisualStudioVersion = 10.0.40219.1
Project("{FAE04EC0-301F-11D3-BF4B-00C04F79EFBC}") = "Exercice", "Exercice.csproj", "{FBF526DD-40D8-4B55-9951-5B1D260AAB26}"
EndProject
Global
	GlobalSection(SolutionConfigurationPlatforms) = preSolution
		Debug|Any CPU = Debug|Any CPU
		Release|Any CPU = Release|Any CPU
	EndGlobalSection
	GlobalSection(ProjectConfigurationPlatforms) = postSolution
		{FBF526DD-40D8-4B55-9951-5B1D260AAB26}.Debug|Any CPU.ActiveCfg = Debug|Any CPU
		{FBF526DD-40D8-4B55-9951-5B1D260AAB26}.Debug|Any CPU.Build.0 = Debug|Any CPU
		{FBF526DD-40D8-4B55-9951-5B1D260AAB26}.Release|Any CPU.ActiveCfg = Release|Any CPU
		{FBF526DD-40D8-4B55-9951-5B1D260AAB26}.Release|Any CPU.Build.0 = Release|Any CPU
	EndGlobalSection
	GlobalSection(SolutionProperties) = preSolution
		HideSolutionNode = FALSE
	EndGlobalSection
	GlobalSection(ExtensibilityGlobals) = postSolution
		SolutionGuid = {68E4F4AA-0FFF-4B6B-8375-D9B02087CDB9}
	EndGlobalSection
EndGlobal
