
Microsoft Visual Studio Solution File, Format Version 12.00
# Visual Studio Version 17
VisualStudioVersion = 17.10.35004.147
MinimumVisualStudioVersion = 10.0.40219.1
Project("{FAE04EC0-301F-11D3-BF4B-00C04F79EFBC}") = "ConsoleApp1", "ConsoleApp1.csproj", "{1A7A6D76-321F-4294-AF5F-263362188E54}"
EndProject
Global
	GlobalSection(SolutionConfigurationPlatforms) = preSolution
		Debug|Any CPU = Debug|Any CPU
		Release|Any CPU = Release|Any CPU
	EndGlobalSection
	GlobalSection(ProjectConfigurationPlatforms) = postSolution
		{1A7A6D76-321F-4294-AF5F-263362188E54}.Debug|Any CPU.ActiveCfg = Debug|Any CPU
		{1A7A6D76-321F-4294-AF5F-263362188E54}.Debug|Any CPU.Build.0 = Debug|Any CPU
		{1A7A6D76-321F-4294-AF5F-263362188E54}.Release|Any CPU.ActiveCfg = Release|Any CPU
		{1A7A6D76-321F-4294-AF5F-263362188E54}.Release|Any CPU.Build.0 = Release|Any CPU
	EndGlobalSection
	GlobalSection(SolutionProperties) = preSolution
		HideSolutionNode = FALSE
	EndGlobalSection
	GlobalSection(ExtensibilityGlobals) = postSolution
		SolutionGuid = {DE4E30B6-DE9A-4E39-832D-D1FF9D26718E}
	EndGlobalSection
EndGlobal
